// !$*UTF8*$!
{
	archiveVersion = 1;
	classes = {
	};
	objectVersion = 56;
	objects = {

/* Begin PBXBuildFile section */
		53E6657B2A80414C00BA5603 /* AppDelegate.swift in Sources */ = {isa = PBXBuildFile; fileRef = 53E6657A2A80414C00BA5603 /* AppDelegate.swift */; };
		53E6657D2A80414C00BA5603 /* SceneDelegate.swift in Sources */ = {isa = PBXBuildFile; fileRef = 53E6657C2A80414C00BA5603 /* SceneDelegate.swift */; };
		53E665822A80414C00BA5603 /* Main.storyboard in Resources */ = {isa = PBXBuildFile; fileRef = 53E665802A80414C00BA5603 /* Main.storyboard */; };
		53E665842A80415400BA5603 /* Assets.xcassets in Resources */ = {isa = PBXBuildFile; fileRef = 53E665832A80415400BA5603 /* Assets.xcassets */; };
		53E665872A80415400BA5603 /* LaunchScreen.storyboard in Resources */ = {isa = PBXBuildFile; fileRef = 53E665852A80415400BA5603 /* LaunchScreen.storyboard */; };
		53E6658F2A8041CF00BA5603 /* RootViewController.swift in Sources */ = {isa = PBXBuildFile; fileRef = 53E6658E2A8041CF00BA5603 /* RootViewController.swift */; };
		53E665912A806F7500BA5603 /* SubViewController1.swift in Sources */ = {isa = PBXBuildFile; fileRef = 53E665902A806F7500BA5603 /* SubViewController1.swift */; };
		53E665932A806F8D00BA5603 /* SubViewController2.swift in Sources */ = {isa = PBXBuildFile; fileRef = 53E665922A806F8D00BA5603 /* SubViewController2.swift */; };
		53E665952A806F9A00BA5603 /* SubViewController3.swift in Sources */ = {isa = PBXBuildFile; fileRef = 53E665942A806F9A00BA5603 /* SubViewController3.swift */; };
		53E665972A806FA900BA5603 /* SubViewController4.swift in Sources */ = {isa = PBXBuildFile; fileRef = 53E665962A806FA900BA5603 /* SubViewController4.swift */; };
/* End PBXBuildFile section */

/* Begin PBXFileReference section */
		53E665772A80414C00BA5603 /* Week3Lab1.app */ = {isa = PBXFileReference; explicitFileType = wrapper.application; includeInIndex = 0; path = Week3Lab1.app; sourceTree = BUILT_PRODUCTS_DIR; };
		53E6657A2A80414C00BA5603 /* AppDelegate.swift */ = {isa = PBXFileReference; lastKnownFileType = sourcecode.swift; path = AppDelegate.swift; sourceTree = "<group>"; };
		53E6657C2A80414C00BA5603 /* SceneDelegate.swift */ = {isa = PBXFileReference; lastKnownFileType = sourcecode.swift; path = SceneDelegate.swift; sourceTree = "<group>"; };
		53E665812A80414C00BA5603 /* Base */ = {isa = PBXFileReference; lastKnownFileType = file.storyboard; name = Base; path = Base.lproj/Main.storyboard; sourceTree = "<group>"; };
		53E665832A80415400BA5603 /* Assets.xcassets */ = {isa = PBXFileReference; lastKnownFileType = folder.assetcatalog; path = Assets.xcassets; sourceTree = "<group>"; };
		53E665862A80415400BA5603 /* Base */ = {isa = PBXFileReference; lastKnownFileType = file.storyboard; name = Base; path = Base.lproj/LaunchScreen.storyboard; sourceTree = "<group>"; };
		53E665882A80415400BA5603 /* Info.plist */ = {isa = PBXFileReference; lastKnownFileType = text.plist.xml; path = Info.plist; sourceTree = "<group>"; };
		53E6658E2A8041CF00BA5603 /* RootViewController.swift */ = {isa = PBXFileReference; lastKnownFileType = sourcecode.swift; path = RootViewController.swift; sourceTree = "<group>"; };
		53E665902A806F7500BA5603 /* SubViewController1.swift */ = {isa = PBXFileReference; lastKnownFileType = sourcecode.swift; path = SubViewController1.swift; sourceTree = "<group>"; };
		53E665922A806F8D00BA5603 /* SubViewController2.swift */ = {isa = PBXFileReference; lastKnownFileType = sourcecode.swift; path = SubViewController2.swift; sourceTree = "<group>"; };
		53E665942A806F9A00BA5603 /* SubViewController3.swift */ = {isa = PBXFileReference; lastKnownFileType = sourcecode.swift; path = SubViewController3.swift; sourceTree = "<group>"; };
		53E665962A806FA900BA5603 /* SubViewController4.swift */ = {isa = PBXFileReference; lastKnownFileType = sourcecode.swift; path = SubViewController4.swift; sourceTree = "<group>"; };
/* End PBXFileReference section */

/* Begin PBXFrameworksBuildPhase section */
		53E665742A80414C00BA5603 /* Frameworks */ = {
			isa = PBXFrameworksBuildPhase;
			buildActionMask = 2147483647;
			files = (
			);
			runOnlyForDeploymentPostprocessing = 0;
		};
/* End PBXFrameworksBuildPhase section */

/* Begin PBXGroup section */
		53E6656E2A80414C00BA5603 = {
			isa = PBXGroup;
			children = (
				53E665792A80414C00BA5603 /* Week3Lab1 */,
				53E665782A80414C00BA5603 /* Products */,
			);
			sourceTree = "<group>";
		};
		53E665782A80414C00BA5603 /* Products */ = {
			isa = PBXGroup;
			children = (
				53E665772A80414C00BA5603 /* Week3Lab1.app */,
			);
			name = Products;
			sourceTree = "<group>";
		};
		53E665792A80414C00BA5603 /* Week3Lab1 */ = {
			isa = PBXGroup;
			children = (
				53E665962A806FA900BA5603 /* SubViewController4.swift */,
				53E665942A806F9A00BA5603 /* SubViewController3.swift */,
				53E665922A806F8D00BA5603 /* SubViewController2.swift */,
				53E665902A806F7500BA5603 /* SubViewController1.swift */,
				53E6658E2A8041CF00BA5603 /* RootViewController.swift */,
				53E6657A2A80414C00BA5603 /* AppDelegate.swift */,
				53E6657C2A80414C00BA5603 /* SceneDelegate.swift */,
				53E665802A80414C00BA5603 /* Main.storyboard */,
				53E665832A80415400BA5603 /* Assets.xcassets */,
				53E665852A80415400BA5603 /* LaunchScreen.storyboard */,
				53E665882A80415400BA5603 /* Info.plist */,
			);
			path = Week3Lab1;
			sourceTree = "<group>";
		};
/* End PBXGroup section */

/* Begin PBXNativeTarget section */
		53E665762A80414C00BA5603 /* Week3Lab1 */ = {
			isa = PBXNativeTarget;
			buildConfigurationList = 53E6658B2A80415400BA5603 /* Build configuration list for PBXNativeTarget "Week3Lab1" */;
			buildPhases = (
				53E665732A80414C00BA5603 /* Sources */,
				53E665742A80414C00BA5603 /* Frameworks */,
				53E665752A80414C00BA5603 /* Resources */,
			);
			buildRules = (
			);
			dependencies = (
			);
			name = Week3Lab1;
			productName = Week3Lab1;
			productReference = 53E665772A80414C00BA5603 /* Week3Lab1.app */;
			productType = "com.apple.product-type.application";
		};
/* End PBXNativeTarget section */

/* Begin PBXProject section */
		53E6656F2A80414C00BA5603 /* Project object */ = {
			isa = PBXProject;
			attributes = {
				BuildIndependentTargetsInParallel = 1;
				LastSwiftUpdateCheck = 1420;
				LastUpgradeCheck = 1420;
				TargetAttributes = {
					53E665762A80414C00BA5603 = {
						CreatedOnToolsVersion = 14.2;
					};
				};
			};
			buildConfigurationList = 53E665722A80414C00BA5603 /* Build configuration list for PBXProject "Week3Lab1" */;
			compatibilityVersion = "Xcode 14.0";
			developmentRegion = en;
			hasScannedForEncodings = 0;
			knownRegions = (
				en,
				Base,
			);
			mainGroup = 53E6656E2A80414C00BA5603;
			productRefGroup = 53E665782A80414C00BA5603 /* Products */;
			projectDirPath = "";
			projectRoot = "";
			targets = (
				53E665762A80414C00BA5603 /* Week3Lab1 */,
			);
		};
/* End PBXProject section */

/* Begin PBXResourcesBuildPhase section */
		53E665752A80414C00BA5603 /* Resources */ = {
			isa = PBXResourcesBuildPhase;
			buildActionMask = 2147483647;
			files = (
				53E665872A80415400BA5603 /* LaunchScreen.storyboard in Resources */,
				53E665842A80415400BA5603 /* Assets.xcassets in Resources */,
				53E665822A80414C00BA5603 /* Main.storyboard in Resources */,
			);
			runOnlyForDeploymentPostprocessing = 0;
		};
/* End PBXResourcesBuildPhase section */

/* Begin PBXSourcesBuildPhase section */
		53E665732A80414C00BA5603 /* Sources */ = {
			isa = PBXSourcesBuildPhase;
			buildActionMask = 2147483647;
			files = (
				53E665972A806FA900BA5603 /* SubViewController4.swift in Sources */,
				53E6657B2A80414C00BA5603 /* AppDelegate.swift in Sources */,
				53E665932A806F8D00BA5603 /* SubViewController2.swift in Sources */,
				53E665952A806F9A00BA5603 /* SubViewController3.swift in Sources */,
				53E6658F2A8041CF00BA5603 /* RootViewController.swift in Sources */,
				53E665912A806F7500BA5603 /* SubViewController1.swift in Sources */,
				53E6657D2A80414C00BA5603 /* SceneDelegate.swift in Sources */,
			);
			runOnlyForDeploymentPostprocessing = 0;
		};
/* End PBXSourcesBuildPhase section */

/* Begin PBXVariantGroup section */
		53E665802A80414C00BA5603 /* Main.storyboard */ = {
			isa = PBXVariantGroup;
			children = (
				53E665812A80414C00BA5603 /* Base */,
			);
			name = Main.storyboard;
			sourceTree = "<group>";
		};
		53E665852A80415400BA5603 /* LaunchScreen.storyboard */ = {
			isa = PBXVariantGroup;
			children = (
				53E665862A80415400BA5603 /* Base */,
			);
			name = LaunchScreen.storyboard;
			sourceTree = "<group>";
		};
/* End PBXVariantGroup section */

/* Begin XCBuildConfiguration section */
		53E665892A80415400BA5603 /* Debug */ = {
			isa = XCBuildConfiguration;
			buildSettings = {
				ALWAYS_SEARCH_USER_PATHS = NO;
				CLANG_ANALYZER_NONNULL = YES;
				CLANG_ANALYZER_NUMBER_OBJECT_CONVERSION = YES_AGGRESSIVE;
				CLANG_CXX_LANGUAGE_STANDARD = "gnu++20";
				CLANG_ENABLE_MODULES = YES;
				CLANG_ENABLE_OBJC_ARC = YES;
				CLANG_ENABLE_OBJC_WEAK = YES;
				CLANG_WARN_BLOCK_CAPTURE_AUTORELEASING = YES;
				CLANG_WARN_BOOL_CONVERSION = YES;
				CLANG_WARN_COMMA = YES;
				CLANG_WARN_CONSTANT_CONVERSION = YES;
				CLANG_WARN_DEPRECATED_OBJC_IMPLEMENTATIONS = YES;
				CLANG_WARN_DIRECT_OBJC_ISA_USAGE = YES_ERROR;
				CLANG_WARN_DOCUMENTATION_COMMENTS = YES;
				CLANG_WARN_EMPTY_BODY = YES;
				CLANG_WARN_ENUM_CONVERSION = YES;
				CLANG_WARN_INFINITE_RECURSION = YES;
				CLANG_WARN_INT_CONVERSION = YES;
				CLANG_WARN_NON_LITERAL_NULL_CONVERSION = YES;
				CLANG_WARN_OBJC_IMPLICIT_RETAIN_SELF = YES;
				CLANG_WARN_OBJC_LITERAL_CONVERSION = YES;
				CLANG_WARN_OBJC_ROOT_CLASS = YES_ERROR;
				CLANG_WARN_QUOTED_INCLUDE_IN_FRAMEWORK_HEADER = YES;
				CLANG_WARN_RANGE_LOOP_ANALYSIS = YES;
				CLANG_WARN_STRICT_PROTOTYPES = YES;
				CLANG_WARN_SUSPICIOUS_MOVE = YES;
				CLANG_WARN_UNGUARDED_AVAILABILITY = YES_AGGRESSIVE;
				CLANG_WARN_UNREACHABLE_CODE = YES;
				CLANG_WARN__DUPLICATE_METHOD_MATCH = YES;
				COPY_PHASE_STRIP = NO;
				DEBUG_INFORMATION_FORMAT = dwarf;
				ENABLE_STRICT_OBJC_MSGSEND = YES;
				ENABLE_TESTABILITY = YES;
				GCC_C_LANGUAGE_STANDARD = gnu11;
				GCC_DYNAMIC_NO_PIC = NO;
				GCC_NO_COMMON_BLOCKS = YES;
				GCC_OPTIMIZATION_LEVEL = 0;
				GCC_PREPROCESSOR_DEFINITIONS = (
					"DEBUG=1",
					"$(inherited)",
				);
				GCC_WARN_64_TO_32_BIT_CONVERSION = YES;
				GCC_WARN_ABOUT_RETURN_TYPE = YES_ERROR;
				GCC_WARN_UNDECLARED_SELECTOR = YES;
				GCC_WARN_UNINITIALIZED_AUTOS = YES_AGGRESSIVE;
				GCC_WARN_UNUSED_FUNCTION = YES;
				GCC_WARN_UNUSED_VARIABLE = YES;
				IPHONEOS_DEPLOYMENT_TARGET = 16.2;
				MTL_ENABLE_DEBUG_INFO = INCLUDE_SOURCE;
				MTL_FAST_MATH = YES;
				ONLY_ACTIVE_ARCH = YES;
				SDKROOT = iphoneos;
				SWIFT_ACTIVE_COMPILATION_CONDITIONS = DEBUG;
				SWIFT_OPTIMIZATION_LEVEL = "-Onone";
			};
			name = Debug;
		};
		53E6658A2A80415400BA5603 /* Release */ = {
			isa = XCBuildConfiguration;
			buildSettings = {
				ALWAYS_SEARCH_USER_PATHS = NO;
				CLANG_ANALYZER_NONNULL = YES;
				CLANG_ANALYZER_NUMBER_OBJECT_CONVERSION = YES_AGGRESSIVE;
				CLANG_CXX_LANGUAGE_STANDARD = "gnu++20";
				CLANG_ENABLE_MODULES = YES;
				CLANG_ENABLE_OBJC_ARC = YES;
				CLANG_ENABLE_OBJC_WEAK = YES;
				CLANG_WARN_BLOCK_CAPTURE_AUTORELEASING = YES;
				CLANG_WARN_BOOL_CONVERSION = YES;
				CLANG_WARN_COMMA = YES;
				CLANG_WARN_CONSTANT_CONVERSION = YES;
				CLANG_WARN_DEPRECATED_OBJC_IMPLEMENTATIONS = YES;
				CLANG_WARN_DIRECT_OBJC_ISA_USAGE = YES_ERROR;
				CLANG_WARN_DOCUMENTATION_COMMENTS = YES;
				CLANG_WARN_EMPTY_BODY = YES;
				CLANG_WARN_ENUM_CONVERSION = YES;
				CLANG_WARN_INFINITE_RECURSION = YES;
				CLANG_WARN_INT_CONVERSION = YES;
				CLANG_WARN_NON_LITERAL_NULL_CONVERSION = YES;
				CLANG_WARN_OBJC_IMPLICIT_RETAIN_SELF = YES;
				CLANG_WARN_OBJC_LITERAL_CONVERSION = YES;
				CLANG_WARN_OBJC_ROOT_CLASS = YES_ERROR;
				CLANG_WARN_QUOTED_INCLUDE_IN_FRAMEWORK_HEADER = YES;
				CLANG_WARN_RANGE_LOOP_ANALYSIS = YES;
				CLANG_WARN_STRICT_PROTOTYPES = YES;
				CLANG_WARN_SUSPICIOUS_MOVE = YES;
				CLANG_WARN_UNGUARDED_AVAILABILITY = YES_AGGRESSIVE;
				CLANG_WARN_UNREACHABLE_CODE = YES;
				CLANG_WARN__DUPLICATE_METHOD_MATCH = YES;
				COPY_PHASE_STRIP = NO;
				DEBUG_INFORMATION_FORMAT = "dwarf-with-dsym";
				ENABLE_NS_ASSERTIONS = NO;
				ENABLE_STRICT_OBJC_MSGSEND = YES;
				GCC_C_LANGUAGE_STANDARD = gnu11;
				GCC_NO_COMMON_BLOCKS = YES;
				GCC_WARN_64_TO_32_BIT_CONVERSION = YES;
				GCC_WARN_ABOUT_RETURN_TYPE = YES_ERROR;
				GCC_WARN_UNDECLARED_SELECTOR = YES;
				GCC_WARN_UNINITIALIZED_AUTOS = YES_AGGRESSIVE;
				GCC_WARN_UNUSED_FUNCTION = YES;
				GCC_WARN_UNUSED_VARIABLE = YES;
				IPHONEOS_DEPLOYMENT_TARGET = 16.2;
				MTL_ENABLE_DEBUG_INFO = NO;
				MTL_FAST_MATH = YES;
				SDKROOT = iphoneos;
				SWIFT_COMPILATION_MODE = wholemodule;
				SWIFT_OPTIMIZATION_LEVEL = "-O";
				VALIDATE_PRODUCT = YES;
			};
			name = Release;
		};
		53E6658C2A80415400BA5603 /* Debug */ = {
			isa = XCBuildConfiguration;
			buildSettings = {
				ASSETCATALOG_COMPILER_APPICON_NAME = AppIcon;
				ASSETCATALOG_COMPILER_GLOBAL_ACCENT_COLOR_NAME = AccentColor;
				CODE_SIGN_STYLE = Automatic;
				CURRENT_PROJECT_VERSION = 1;
				GENERATE_INFOPLIST_FILE = YES;
				INFOPLIST_FILE = Week3Lab1/Info.plist;
				INFOPLIST_KEY_UIApplicationSupportsIndirectInputEvents = YES;
				INFOPLIST_KEY_UILaunchStoryboardName = LaunchScreen;
				INFOPLIST_KEY_UIMainStoryboardFile = Main;
				INFOPLIST_KEY_UISupportedInterfaceOrientations_iPad = "UIInterfaceOrientationPortrait UIInterfaceOrientationPortraitUpsideDown UIInterfaceOrientationLandscapeLeft UIInterfaceOrientationLandscapeRight";
				INFOPLIST_KEY_UISupportedInterfaceOrientations_iPhone = "UIInterfaceOrientationPortrait UIInterfaceOrientationLandscapeLeft UIInterfaceOrientationLandscapeRight";
				LD_RUNPATH_SEARCH_PATHS = (
					"$(inherited)",
					"@executable_path/Frameworks",
				);
				MARKETING_VERSION = 1.0;
				PRODUCT_BUNDLE_IDENTIFIER = Anything.Week3Lab1;
				PRODUCT_NAME = "$(TARGET_NAME)";
				SWIFT_EMIT_LOC_STRINGS = YES;
				SWIFT_VERSION = 5.0;
				TARGETED_DEVICE_FAMILY = "1,2";
			};
			name = Debug;
		};
		53E6658D2A80415400BA5603 /* Release */ = {
			isa = XCBuildConfiguration;
			buildSettings = {
				ASSETCATALOG_COMPILER_APPICON_NAME = AppIcon;
				ASSETCATALOG_COMPILER_GLOBAL_ACCENT_COLOR_NAME = AccentColor;
				CODE_SIGN_STYLE = Automatic;
				CURRENT_PROJECT_VERSION = 1;
				GENERATE_INFOPLIST_FILE = YES;
				INFOPLIST_FILE = Week3Lab1/Info.plist;
				INFOPLIST_KEY_UIApplicationSupportsIndirectInputEvents = YES;
				INFOPLIST_KEY_UILaunchStoryboardName = LaunchScreen;
				INFOPLIST_KEY_UIMainStoryboardFile = Main;
				INFOPLIST_KEY_UISupportedInterfaceOrientations_iPad = "UIInterfaceOrientationPortrait UIInterfaceOrientationPortraitUpsideDown UIInterfaceOrientationLandscapeLeft UIInterfaceOrientationLandscapeRight";
				INFOPLIST_KEY_UISupportedInterfaceOrientations_iPhone = "UIInterfaceOrientationPortrait UIInterfaceOrientationLandscapeLeft UIInterfaceOrientationLandscapeRight";
				LD_RUNPATH_SEARCH_PATHS = (
					"$(inherited)",
					"@executable_path/Frameworks",
				);
				MARKETING_VERSION = 1.0;
				PRODUCT_BUNDLE_IDENTIFIER = Anything.Week3Lab1;
				PRODUCT_NAME = "$(TARGET_NAME)";
				SWIFT_EMIT_LOC_STRINGS = YES;
				SWIFT_VERSION = 5.0;
				TARGETED_DEVICE_FAMILY = "1,2";
			};
			name = Release;
		};
/* End XCBuildConfiguration section */

/* Begin XCConfigurationList section */
		53E665722A80414C00BA5603 /* Build configuration list for PBXProject "Week3Lab1" */ = {
			isa = XCConfigurationList;
			buildConfigurations = (
				53E665892A80415400BA5603 /* Debug */,
				53E6658A2A80415400BA5603 /* Release */,
			);
			defaultConfigurationIsVisible = 0;
			defaultConfigurationName = Release;
		};
		53E6658B2A80415400BA5603 /* Build configuration list for PBXNativeTarget "Week3Lab1" */ = {
			isa = XCConfigurationList;
			buildConfigurations = (
				53E6658C2A80415400BA5603 /* Debug */,
				53E6658D2A80415400BA5603 /* Release */,
			);
			defaultConfigurationIsVisible = 0;
			defaultConfigurationName = Release;
		};
/* End XCConfigurationList section */
	};
	rootObject = 53E6656F2A80414C00BA5603 /* Project object */;
}
